hash: f262e5a454a3564e24102dd8705904ab6936c23ecfa8f2b83079a89a747fa2db
updated: 2017-02-24T01:54:05.473705867+01:00
imports:
- name: github.com/cospoland/RextSDK
  version: 291c485e09769bcb9908878db00c1b9e09adbd55
- name: github.com/valyala/fasthttp
  version: d42167fd04f636e20b005e9934159e95454233c7
testImports: []
